<?xml version="1.0" encoding="UTF-8"?>
<Scheme LastUpgradeVersion="1620" version="1.3">
   <BuildAction parallelizeBuildables="YES" buildImplicitDependencies="YES">
      <BuildActionEntries>
         <BuildActionEntry buildForTesting="YES" buildForRunning="YES" buildForProfiling="YES" buildForArchiving="YES" buildForAnalyzing="YES">
            <BuildableReference BuildableIdentifier="primary" BlueprintIdentifier="14188CBD5F8662A48378E5A1" BuildableName="QuickTask.app" BlueprintName="iosApp" ReferencedContainer="container:iosApp.xcodeproj" />
         </BuildActionEntry>
         <BuildActionEntry buildForTesting="YES" buildForRunning="NO" buildForProfiling="NO" buildForArchiving="NO" buildForAnalyzing="YES">
            <BuildableReference BuildableIdentifier="primary" BlueprintIdentifier="A85077E1C18D4A61A7000009" BuildableName="iosAppNativeTests.xctest" BlueprintName="iosAppNativeTests" ReferencedContainer="container:iosApp.xcodeproj" />
         </BuildActionEntry>
      </BuildActionEntries>
   </BuildAction>
   <TestAction buildConfiguration="Debug" selectedDebuggerIdentifier="Xcode.DebuggerFoundation.Debugger.LLDB" selectedLauncherIdentifier="Xcode.IDEFoundation.Launcher.LLDB" shouldUseLaunchSchemeArgsEnv="YES">
      <Testables>
         <TestableReference skipped="NO">
            <BuildableReference BuildableIdentifier="primary" BlueprintIdentifier="A85077E1C18D4A61A7000009" BuildableName="iosAppNativeTests.xctest" BlueprintName="iosAppNativeTests" ReferencedContainer="container:iosApp.xcodeproj" />
         </TestableReference>
      </Testables>
      <MacroExpansion>
         <BuildableReference BuildableIdentifier="primary" BlueprintIdentifier="14188CBD5F8662A48378E5A1" BuildableName="QuickTask.app" BlueprintName="iosApp" ReferencedContainer="container:iosApp.xcodeproj" />
      </MacroExpansion>
   </TestAction>
   <LaunchAction buildConfiguration="Debug" selectedDebuggerIdentifier="Xcode.DebuggerFoundation.Debugger.LLDB" selectedLauncherIdentifier="Xcode.IDEFoundation.Launcher.LLDB" launchStyle="0" useCustomWorkingDirectory="NO" ignoresPersistentStateOnLaunch="NO" debugServiceExtension="internal" allowLocationSimulation="YES">
      <BuildableProductRunnable runnableDebuggingMode="0">
         <BuildableReference BuildableIdentifier="primary" BlueprintIdentifier="14188CBD5F8662A48378E5A1" BuildableName="QuickTask.app" BlueprintName="iosApp" ReferencedContainer="container:iosApp.xcodeproj" />
      </BuildableProductRunnable>
   </LaunchAction>
   <ProfileAction buildConfiguration="Release" shouldUseLaunchSchemeArgsEnv="YES" savedToolIdentifier="" useCustomWorkingDirectory="NO" debugServiceExtension="internal">
      <BuildableProductRunnable runnableDebuggingMode="0">
         <BuildableReference BuildableIdentifier="primary" BlueprintIdentifier="14188CBD5F8662A48378E5A1" BuildableName="QuickTask.app" BlueprintName="iosApp" ReferencedContainer="container:iosApp.xcodeproj" />
      </BuildableProductRunnable>
   </ProfileAction>
   <AnalyzeAction buildConfiguration="Debug" />
   <ArchiveAction buildConfiguration="Release" revealArchiveInOrganizer="YES" />
</Scheme>
